
Microsoft Visual Studio Solution File, Format Version 12.00
# Visual Studio 15
VisualStudioVersion = 15.0.28307.852
MinimumVisualStudioVersion = 10.0.40219.1
Project("{9A19103F-16F7-4668-BE54-9A1E7A4F7556}") = "PandaTea", "PandaTea\PandaTea.csproj", "{C7FDBFF5-0F87-4DF9-B964-A79226173C6E}"
EndProject
Project("{FAE04EC0-301F-11D3-BF4B-00C04F79EFBC}") = "PandaTea.Tests", "PandaTea.Tests\PandaTea.Tests.csproj", "{FF682441-E7D8-4066-B828-1BCDAC872499}"
EndProject
Global
	GlobalSection(SolutionConfigurationPlatforms) = preSolution
		Debug|Any CPU = Debug|Any CPU
		Release|Any CPU = Release|Any CPU
	EndGlobalSection
	GlobalSection(ProjectConfigurationPlatforms) = postSolution
		{C7FDBFF5-0F87-4DF9-B964-A79226173C6E}.Debug|Any CPU.ActiveCfg = Debug|Any CPU
		{C7FDBFF5-0F87-4DF9-B964-A79226173C6E}.Debug|Any CPU.Build.0 = Debug|Any CPU
		{C7FDBFF5-0F87-4DF9-B964-A79226173C6E}.Release|Any CPU.ActiveCfg = Release|Any CPU
		{C7FDBFF5-0F87-4DF9-B964-A79226173C6E}.Release|Any CPU.Build.0 = Release|Any CPU
		{FF682441-E7D8-4066-B828-1BCDAC872499}.Debug|Any CPU.ActiveCfg = Debug|Any CPU
		{FF682441-E7D8-4066-B828-1BCDAC872499}.Debug|Any CPU.Build.0 = Debug|Any CPU
		{FF682441-E7D8-4066-B828-1BCDAC872499}.Release|Any CPU.ActiveCfg = Release|Any CPU
		{FF682441-E7D8-4066-B828-1BCDAC872499}.Release|Any CPU.Build.0 = Release|Any CPU
	EndGlobalSection
	GlobalSection(SolutionProperties) = preSolution
		HideSolutionNode = FALSE
	EndGlobalSection
	GlobalSection(ExtensibilityGlobals) = postSolution
		SolutionGuid = {98FF6984-A839-4C93-948F-B103EC07ACD6}
	EndGlobalSection
EndGlobal
